
Microsoft Visual Studio Solution File, Format Version 12.00
# Visual Studio Version 17
VisualStudioVersion = 17.4.33213.308
MinimumVisualStudioVersion = 10.0.40219.1
Project("{8BC9CEB8-8B4A-11D0-8D11-00A0C91BC942}") = "winui3-without-xaml", "winui3-without-xaml.vcxproj", "{DCB75A3C-72F4-4135-9B2E-9FC9C57A981D}"
EndProject
Global
	GlobalSection(SolutionConfigurationPlatforms) = preSolution
		Debug|x64 = Debug|x64
		Debug|x86 = Debug|x86
		Release|x64 = Release|x64
		Release|x86 = Release|x86
	EndGlobalSection
	GlobalSection(ProjectConfigurationPlatforms) = postSolution
		{DCB75A3C-72F4-4135-9B2E-9FC9C57A981D}.Debug|x64.ActiveCfg = Debug|x64
		{DCB75A3C-72F4-4135-9B2E-9FC9C57A981D}.Debug|x64.Build.0 = Debug|x64
		{DCB75A3C-72F4-4135-9B2E-9FC9C57A981D}.Debug|x86.ActiveCfg = Debug|Win32
		{DCB75A3C-72F4-4135-9B2E-9FC9C57A981D}.Debug|x86.Build.0 = Debug|Win32
		{DCB75A3C-72F4-4135-9B2E-9FC9C57A981D}.Release|x64.ActiveCfg = Release|x64
		{DCB75A3C-72F4-4135-9B2E-9FC9C57A981D}.Release|x64.Build.0 = Release|x64
		{DCB75A3C-72F4-4135-9B2E-9FC9C57A981D}.Release|x86.ActiveCfg = Release|Win32
		{DCB75A3C-72F4-4135-9B2E-9FC9C57A981D}.Release|x86.Build.0 = Release|Win32
	EndGlobalSection
	GlobalSection(SolutionProperties) = preSolution
		HideSolutionNode = FALSE
	EndGlobalSection
	GlobalSection(ExtensibilityGlobals) = postSolution
		SolutionGuid = {90264047-EFC9-41F6-9C30-D8282C6AEF44}
	EndGlobalSection
EndGlobal
